// !$*UTF8*$!
{
	archiveVersion = 1;
	classes = {
	};
	objectVersion = 46;
	objects = {

/* Begin PBXBuildFile section */
		B07914BF1BFE8D35005242FC /* main.m in Sources */ = {isa = PBXBuildFile; fileRef = B07914BE1BFE8D35005242FC /* main.m */; };
		B07914C21BFE8D35005242FC /* AppDelegate.m in Sources */ = {isa = PBXBuildFile; fileRef = B07914C11BFE8D35005242FC /* AppDelegate.m */; };
		B07914C51BFE8D35005242FC /* ViewController.m in Sources */ = {isa = PBXBuildFile; fileRef = B07914C41BFE8D35005242FC /* ViewController.m */; };
		B07914C81BFE8D35005242FC /* Main.storyboard in Resources */ = {isa = PBXBuildFile; fileRef = B07914C61BFE8D35005242FC /* Main.storyboard */; };
		B07914CA1BFE8D35005242FC /* Assets.xcassets in Resources */ = {isa = PBXBuildFile; fileRef = B07914C91BFE8D35005242FC /* Assets.xcassets */; };
		B07914CD1BFE8D35005242FC /* LaunchScreen.storyboard in Resources */ = {isa = PBXBuildFile; fileRef = B07914CB1BFE8D35005242FC /* LaunchScreen.storyboard */; };
		B07914D81BFE8D35005242FC /* Group_OrganizerTests.m in Sources */ = {isa = PBXBuildFile; fileRef = B07914D71BFE8D35005242FC /* Group_OrganizerTests.m */; };
		B07914E31BFE8D35005242FC /* Group_OrganizerUITests.m in Sources */ = {isa = PBXBuildFile; fileRef = B07914E21BFE8D35005242FC /* Group_OrganizerUITests.m */; };
/* End PBXBuildFile section */

/* Begin PBXContainerItemProxy section */
		B07914D41BFE8D35005242FC /* PBXContainerItemProxy */ = {
			isa = PBXContainerItemProxy;
			containerPortal = B07914B21BFE8D35005242FC /* Project object */;
			proxyType = 1;
			remoteGlobalIDString = B07914B91BFE8D35005242FC;
			remoteInfo = "Group Organizer";
		};
		B07914DF1BFE8D35005242FC /* PBXContainerItemProxy */ = {
			isa = PBXContainerItemProxy;
			containerPortal = B07914B21BFE8D35005242FC /* Project object */;
			proxyType = 1;
			remoteGlobalIDString = B07914B91BFE8D35005242FC;
			remoteInfo = "Group Organizer";
		};
/* End PBXContainerItemProxy section */

/* Begin PBXFileReference section */
		B07914BA1BFE8D35005242FC /* Group Organizer.app */ = {isa = PBXFileReference; explicitFileType = wrapper.application; includeInIndex = 0; path = "Group Organizer.app"; sourceTree = BUILT_PRODUCTS_DIR; };
		B07914BE1BFE8D35005242FC /* main.m */ = {isa = PBXFileReference; lastKnownFileType = sourcecode.c.objc; path = main.m; sourceTree = "<group>"; };
		B07914C01BFE8D35005242FC /* AppDelegate.h */ = {isa = PBXFileReference; lastKnownFileType = sourcecode.c.h; path = AppDelegate.h; sourceTree = "<group>"; };
		B07914C11BFE8D35005242FC /* AppDelegate.m */ = {isa = PBXFileReference; lastKnownFileType = sourcecode.c.objc; path = AppDelegate.m; sourceTree = "<group>"; };
		B07914C31BFE8D35005242FC /* ViewController.h */ = {isa = PBXFileReference; lastKnownFileType = sourcecode.c.h; path = ViewController.h; sourceTree = "<group>"; };
		B07914C41BFE8D35005242FC /* ViewController.m */ = {isa = PBXFileReference; lastKnownFileType = sourcecode.c.objc; path = ViewController.m; sourceTree = "<group>"; };
		B07914C71BFE8D35005242FC /* Base */ = {isa = PBXFileReference; lastKnownFileType = file.storyboard; name = Base; path = Base.lproj/Main.storyboard; sourceTree = "<group>"; };
		B07914C91BFE8D35005242FC /* Assets.xcassets */ = {isa = PBXFileReference; lastKnownFileType = folder.assetcatalog; path = Assets.xcassets; sourceTree = "<group>"; };
		B07914CC1BFE8D35005242FC /* Base */ = {isa = PBXFileReference; lastKnownFileType = file.storyboard; name = Base; path = Base.lproj/LaunchScreen.storyboard; sourceTree = "<group>"; };
		B07914CE1BFE8D35005242FC /* Info.plist */ = {isa = PBXFileReference; lastKnownFileType = text.plist.xml; path = Info.plist; sourceTree = "<group>"; };
		B07914D31BFE8D35005242FC /* Group OrganizerTests.xctest */ = {isa = PBXFileReference; explicitFileType = wrapper.cfbundle; includeInIndex = 0; path = "Group OrganizerTests.xctest"; sourceTree = BUILT_PRODUCTS_DIR; };
		B07914D71BFE8D35005242FC /* Group_OrganizerTests.m */ = {isa = PBXFileReference; lastKnownFileType = sourcecode.c.objc; path = Group_OrganizerTests.m; sourceTree = "<group>"; };
		B07914D91BFE8D35005242FC /* Info.plist */ = {isa = PBXFileReference; lastKnownFileType = text.plist.xml; path = Info.plist; sourceTree = "<group>"; };
		B07914DE1BFE8D35005242FC /* Group OrganizerUITests.xctest */ = {isa = PBXFileReference; explicitFileType = wrapper.cfbundle; includeInIndex = 0; path = "Group OrganizerUITests.xctest"; sourceTree = BUILT_PRODUCTS_DIR; };
		B07914E21BFE8D35005242FC /* Group_OrganizerUITests.m */ = {isa = PBXFileReference; lastKnownFileType = sourcecode.c.objc; path = Group_OrganizerUITests.m; sourceTree = "<group>"; };
		B07914E41BFE8D36005242FC /* Info.plist */ = {isa = PBXFileReference; lastKnownFileType = text.plist.xml; path = Info.plist; sourceTree = "<group>"; };
/* End PBXFileReference section */

/* Begin PBXFrameworksBuildPhase section */
		B07914B71BFE8D35005242FC /* Frameworks */ = {
			isa = PBXFrameworksBuildPhase;
			buildActionMask = 2147483647;
			files = (
			);
			runOnlyForDeploymentPostprocessing = 0;
		};
		B07914D01BFE8D35005242FC /* Frameworks */ = {
			isa = PBXFrameworksBuildPhase;
			buildActionMask = 2147483647;
			files = (
			);
			runOnlyForDeploymentPostprocessing = 0;
		};
		B07914DB1BFE8D35005242FC /* Frameworks */ = {
			isa = PBXFrameworksBuildPhase;
			buildActionMask = 2147483647;
			files = (
			);
			runOnlyForDeploymentPostprocessing = 0;
		};
/* End PBXFrameworksBuildPhase section */

/* Begin PBXGroup section */
		B07914B11BFE8D35005242FC = {
			isa = PBXGroup;
			children = (
				B07914BC1BFE8D35005242FC /* Group Organizer */,
				B07914D61BFE8D35005242FC /* Group OrganizerTests */,
				B07914E11BFE8D35005242FC /* Group OrganizerUITests */,
				B07914BB1BFE8D35005242FC /* Products */,
			);
			sourceTree = "<group>";
		};
		B07914BB1BFE8D35005242FC /* Products */ = {
			isa = PBXGroup;
			children = (
				B07914BA1BFE8D35005242FC /* Group Organizer.app */,
				B07914D31BFE8D35005242FC /* Group OrganizerTests.xctest */,
				B07914DE1BFE8D35005242FC /* Group OrganizerUITests.xctest */,
			);
			name = Products;
			sourceTree = "<group>";
		};
		B07914BC1BFE8D35005242FC /* Group Organizer */ = {
			isa = PBXGroup;
			children = (
				B07914C01BFE8D35005242FC /* AppDelegate.h */,
				B07914C11BFE8D35005242FC /* AppDelegate.m */,
				B07914C31BFE8D35005242FC /* ViewController.h */,
				B07914C41BFE8D35005242FC /* ViewController.m */,
				B07914C61BFE8D35005242FC /* Main.storyboard */,
				B07914C91BFE8D35005242FC /* Assets.xcassets */,
				B07914CB1BFE8D35005242FC /* LaunchScreen.storyboard */,
				B07914CE1BFE8D35005242FC /* Info.plist */,
				B07914BD1BFE8D35005242FC /* Supporting Files */,
			);
			path = "Group Organizer";
			sourceTree = "<group>";
		};
		B07914BD1BFE8D35005242FC /* Supporting Files */ = {
			isa = PBXGroup;
			children = (
				B07914BE1BFE8D35005242FC /* main.m */,
			);
			name = "Supporting Files";
			sourceTree = "<group>";
		};
		B07914D61BFE8D35005242FC /* Group OrganizerTests */ = {
			isa = PBXGroup;
			children = (
				B07914D71BFE8D35005242FC /* Group_OrganizerTests.m */,
				B07914D91BFE8D35005242FC /* Info.plist */,
			);
			path = "Group OrganizerTests";
			sourceTree = "<group>";
		};
		B07914E11BFE8D35005242FC /* Group OrganizerUITests */ = {
			isa = PBXGroup;
			children = (
				B07914E21BFE8D35005242FC /* Group_OrganizerUITests.m */,
				B07914E41BFE8D36005242FC /* Info.plist */,
			);
			path = "Group OrganizerUITests";
			sourceTree = "<group>";
		};
/* End PBXGroup section */

/* Begin PBXNativeTarget section */
		B07914B91BFE8D35005242FC /* Group Organizer */ = {
			isa = PBXNativeTarget;
			buildConfigurationList = B07914E71BFE8D36005242FC /* Build configuration list for PBXNativeTarget "Group Organizer" */;
			buildPhases = (
				B07914B61BFE8D35005242FC /* Sources */,
				B07914B71BFE8D35005242FC /* Frameworks */,
				B07914B81BFE8D35005242FC /* Resources */,
			);
			buildRules = (
			);
			dependencies = (
			);
			name = "Group Organizer";
			productName = "Group Organizer";
			productReference = B07914BA1BFE8D35005242FC /* Group Organizer.app */;
			productType = "com.apple.product-type.application";
		};
		B07914D21BFE8D35005242FC /* Group OrganizerTests */ = {
			isa = PBXNativeTarget;
			buildConfigurationList = B07914EA1BFE8D36005242FC /* Build configuration list for PBXNativeTarget "Group OrganizerTests" */;
			buildPhases = (
				B07914CF1BFE8D35005242FC /* Sources */,
				B07914D01BFE8D35005242FC /* Frameworks */,
				B07914D11BFE8D35005242FC /* Resources */,
			);
			buildRules = (
			);
			dependencies = (
				B07914D51BFE8D35005242FC /* PBXTargetDependency */,
			);
			name = "Group OrganizerTests";
			productName = "Group OrganizerTests";
			productReference = B07914D31BFE8D35005242FC /* Group OrganizerTests.xctest */;
			productType = "com.apple.product-type.bundle.unit-test";
		};
		B07914DD1BFE8D35005242FC /* Group OrganizerUITests */ = {
			isa = PBXNativeTarget;
			buildConfigurationList = B07914ED1BFE8D36005242FC /* Build configuration list for PBXNativeTarget "Group OrganizerUITests" */;
			buildPhases = (
				B07914DA1BFE8D35005242FC /* Sources */,
				B07914DB1BFE8D35005242FC /* Frameworks */,
				B07914DC1BFE8D35005242FC /* Resources */,
			);
			buildRules = (
			);
			dependencies = (
				B07914E01BFE8D35005242FC /* PBXTargetDependency */,
			);
			name = "Group OrganizerUITests";
			productName = "Group OrganizerUITests";
			productReference = B07914DE1BFE8D35005242FC /* Group OrganizerUITests.xctest */;
			productType = "com.apple.product-type.bundle.ui-testing";
		};
/* End PBXNativeTarget section */

/* Begin PBXProject section */
		B07914B21BFE8D35005242FC /* Project object */ = {
			isa = PBXProject;
			attributes = {
				LastUpgradeCheck = 0710;
				ORGANIZATIONNAME = "Aminat Musa";
				TargetAttributes = {
					B07914B91BFE8D35005242FC = {
						CreatedOnToolsVersion = 7.1.1;
					};
					B07914D21BFE8D35005242FC = {
						CreatedOnToolsVersion = 7.1.1;
						TestTargetID = B07914B91BFE8D35005242FC;
					};
					B07914DD1BFE8D35005242FC = {
						CreatedOnToolsVersion = 7.1.1;
						TestTargetID = B07914B91BFE8D35005242FC;
					};
				};
			};
			buildConfigurationList = B07914B51BFE8D35005242FC /* Build configuration list for PBXProject "Group Organizer" */;
			compatibilityVersion = "Xcode 3.2";
			developmentRegion = English;
			hasScannedForEncodings = 0;
			knownRegions = (
				en,
				Base,
			);
			mainGroup = B07914B11BFE8D35005242FC;
			productRefGroup = B07914BB1BFE8D35005242FC /* Products */;
			projectDirPath = "";
			projectRoot = "";
			targets = (
				B07914B91BFE8D35005242FC /* Group Organizer */,
				B07914D21BFE8D35005242FC /* Group OrganizerTests */,
				B07914DD1BFE8D35005242FC /* Group OrganizerUITests */,
			);
		};
/* End PBXProject section */

/* Begin PBXResourcesBuildPhase section */
		B07914B81BFE8D35005242FC /* Resources */ = {
			isa = PBXResourcesBuildPhase;
			buildActionMask = 2147483647;
			files = (
				B07914CD1BFE8D35005242FC /* LaunchScreen.storyboard in Resources */,
				B07914CA1BFE8D35005242FC /* Assets.xcassets in Resources */,
				B07914C81BFE8D35005242FC /* Main.storyboard in Resources */,
			);
			runOnlyForDeploymentPostprocessing = 0;
		};
		B07914D11BFE8D35005242FC /* Resources */ = {
			isa = PBXResourcesBuildPhase;
			buildActionMask = 2147483647;
			files = (
			);
			runOnlyForDeploymentPostprocessing = 0;
		};
		B07914DC1BFE8D35005242FC /* Resources */ = {
			isa = PBXResourcesBuildPhase;
			buildActionMask = 2147483647;
			files = (
			);
			runOnlyForDeploymentPostprocessing = 0;
		};
/* End PBXResourcesBuildPhase section */

/* Begin PBXSourcesBuildPhase section */
		B07914B61BFE8D35005242FC /* Sources */ = {
			isa = PBXSourcesBuildPhase;
			buildActionMask = 2147483647;
			files = (
				B07914C51BFE8D35005242FC /* ViewController.m in Sources */,
				B07914C21BFE8D35005242FC /* AppDelegate.m in Sources */,
				B07914BF1BFE8D35005242FC /* main.m in Sources */,
			);
			runOnlyForDeploymentPostprocessing = 0;
		};
		B07914CF1BFE8D35005242FC /* Sources */ = {
			isa = PBXSourcesBuildPhase;
			buildActionMask = 2147483647;
			files = (
				B07914D81BFE8D35005242FC /* Group_OrganizerTests.m in Sources */,
			);
			runOnlyForDeploymentPostprocessing = 0;
		};
		B07914DA1BFE8D35005242FC /* Sources */ = {
			isa = PBXSourcesBuildPhase;
			buildActionMask = 2147483647;
			files = (
				B07914E31BFE8D35005242FC /* Group_OrganizerUITests.m in Sources */,
			);
			runOnlyForDeploymentPostprocessing = 0;
		};
/* End PBXSourcesBuildPhase section */

/* Begin PBXTargetDependency section */
		B07914D51BFE8D35005242FC /* PBXTargetDependency */ = {
			isa = PBXTargetDependency;
			target = B07914B91BFE8D35005242FC /* Group Organizer */;
			targetProxy = B07914D41BFE8D35005242FC /* PBXContainerItemProxy */;
		};
		B07914E01BFE8D35005242FC /* PBXTargetDependency */ = {
			isa = PBXTargetDependency;
			target = B07914B91BFE8D35005242FC /* Group Organizer */;
			targetProxy = B07914DF1BFE8D35005242FC /* PBXContainerItemProxy */;
		};
/* End PBXTargetDependency section */

/* Begin PBXVariantGroup section */
		B07914C61BFE8D35005242FC /* Main.storyboard */ = {
			isa = PBXVariantGroup;
			children = (
				B07914C71BFE8D35005242FC /* Base */,
			);
			name = Main.storyboard;
			sourceTree = "<group>";
		};
		B07914CB1BFE8D35005242FC /* LaunchScreen.storyboard */ = {
			isa = PBXVariantGroup;
			children = (
				B07914CC1BFE8D35005242FC /* Base */,
			);
			name = LaunchScreen.storyboard;
			sourceTree = "<group>";
		};
/* End PBXVariantGroup section */

/* Begin XCBuildConfiguration section */
		B07914E51BFE8D36005242FC /* Debug */ = {
			isa = XCBuildConfiguration;
			buildSettings = {
				ALWAYS_SEARCH_USER_PATHS = NO;
				CLANG_CXX_LANGUAGE_STANDARD = "gnu++0x";
				CLANG_CXX_LIBRARY = "libc++";
				CLANG_ENABLE_MODULES = YES;
				CLANG_ENABLE_OBJC_ARC = YES;
				CLANG_WARN_BOOL_CONVERSION = YES;
				CLANG_WARN_CONSTANT_CONVERSION = YES;
				CLANG_WARN_DIRECT_OBJC_ISA_USAGE = YES_ERROR;
				CLANG_WARN_EMPTY_BODY = YES;
				CLANG_WARN_ENUM_CONVERSION = YES;
				CLANG_WARN_INT_CONVERSION = YES;
				CLANG_WARN_OBJC_ROOT_CLASS = YES_ERROR;
				CLANG_WARN_UNREACHABLE_CODE = YES;
				CLANG_WARN__DUPLICATE_METHOD_MATCH = YES;
				"CODE_SIGN_IDENTITY[sdk=iphoneos*]" = "iPhone Developer";
				COPY_PHASE_STRIP = NO;
				DEBUG_INFORMATION_FORMAT = dwarf;
				ENABLE_STRICT_OBJC_MSGSEND = YES;
				ENABLE_TESTABILITY = YES;
				GCC_C_LANGUAGE_STANDARD = gnu99;
				GCC_DYNAMIC_NO_PIC = NO;
				GCC_NO_COMMON_BLOCKS = YES;
				GCC_OPTIMIZATION_LEVEL = 0;
				GCC_PREPROCESSOR_DEFINITIONS = (
					"DEBUG=1",
					"$(inherited)",
				);
				GCC_WARN_64_TO_32_BIT_CONVERSION = YES;
				GCC_WARN_ABOUT_RETURN_TYPE = YES_ERROR;
				GCC_WARN_UNDECLARED_SELECTOR = YES;
				GCC_WARN_UNINITIALIZED_AUTOS = YES_AGGRESSIVE;
				GCC_WARN_UNUSED_FUNCTION = YES;
				GCC_WARN_UNUSED_VARIABLE = YES;
				IPHONEOS_DEPLOYMENT_TARGET = 9.1;
				MTL_ENABLE_DEBUG_INFO = YES;
				ONLY_ACTIVE_ARCH = YES;
				SDKROOT = iphoneos;
			};
			name = Debug;
		};
		B07914E61BFE8D36005242FC /* Release */ = {
			isa = XCBuildConfiguration;
			buildSettings = {
				ALWAYS_SEARCH_USER_PATHS = NO;
				CLANG_CXX_LANGUAGE_STANDARD = "gnu++0x";
				CLANG_CXX_LIBRARY = "libc++";
				CLANG_ENABLE_MODULES = YES;
				CLANG_ENABLE_OBJC_ARC = YES;
				CLANG_WARN_BOOL_CONVERSION = YES;
				CLANG_WARN_CONSTANT_CONVERSION = YES;
				CLANG_WARN_DIRECT_OBJC_ISA_USAGE = YES_ERROR;
				CLANG_WARN_EMPTY_BODY = YES;
				CLANG_WARN_ENUM_CONVERSION = YES;
				CLANG_WARN_INT_CONVERSION = YES;
				CLANG_WARN_OBJC_ROOT_CLASS = YES_ERROR;
				CLANG_WARN_UNREACHABLE_CODE = YES;
				CLANG_WARN__DUPLICATE_METHOD_MATCH = YES;
				"CODE_SIGN_IDENTITY[sdk=iphoneos*]" = "iPhone Developer";
				COPY_PHASE_STRIP = NO;
				DEBUG_INFORMATION_FORMAT = "dwarf-with-dsym";
				ENABLE_NS_ASSERTIONS = NO;
				ENABLE_STRICT_OBJC_MSGSEND = YES;
				GCC_C_LANGUAGE_STANDARD = gnu99;
				GCC_NO_COMMON_BLOCKS = YES;
				GCC_WARN_64_TO_32_BIT_CONVERSION = YES;
				GCC_WARN_ABOUT_RETURN_TYPE = YES_ERROR;
				GCC_WARN_UNDECLARED_SELECTOR = YES;
				GCC_WARN_UNINITIALIZED_AUTOS = YES_AGGRESSIVE;
				GCC_WARN_UNUSED_FUNCTION = YES;
				GCC_WARN_UNUSED_VARIABLE = YES;
				IPHONEOS_DEPLOYMENT_TARGET = 9.1;
				MTL_ENABLE_DEBUG_INFO = NO;
				SDKROOT = iphoneos;
				VALIDATE_PRODUCT = YES;
			};
			name = Release;
		};
		B07914E81BFE8D36005242FC /* Debug */ = {
			isa = XCBuildConfiguration;
			buildSettings = {
				ASSETCATALOG_COMPILER_APPICON_NAME = AppIcon;
				INFOPLIST_FILE = "Group Organizer/Info.plist";
				LD_RUNPATH_SEARCH_PATHS = "$(inherited) @executable_path/Frameworks";
				PRODUCT_BUNDLE_IDENTIFIER = "edu.self.Group-Organizer";
				PRODUCT_NAME = "$(TARGET_NAME)";
			};
			name = Debug;
		};
		B07914E91BFE8D36005242FC /* Release */ = {
			isa = XCBuildConfiguration;
			buildSettings = {
				ASSETCATALOG_COMPILER_APPICON_NAME = AppIcon;
				INFOPLIST_FILE = "Group Organizer/Info.plist";
				LD_RUNPATH_SEARCH_PATHS = "$(inherited) @executable_path/Frameworks";
				PRODUCT_BUNDLE_IDENTIFIER = "edu.self.Group-Organizer";
				PRODUCT_NAME = "$(TARGET_NAME)";
			};
			name = Release;
		};
		B07914EB1BFE8D36005242FC /* Debug */ = {
			isa = XCBuildConfiguration;
			buildSettings = {
				BUNDLE_LOADER = "$(TEST_HOST)";
				INFOPLIST_FILE = "Group OrganizerTests/Info.plist";
				LD_RUNPATH_SEARCH_PATHS = "$(inherited) @executable_path/Frameworks @loader_path/Frameworks";
				PRODUCT_BUNDLE_IDENTIFIER = "edu.self.Group-OrganizerTests";
				PRODUCT_NAME = "$(TARGET_NAME)";
				TEST_HOST = "$(BUILT_PRODUCTS_DIR)/Group Organizer.app/Group Organizer";
			};
			name = Debug;
		};
		B07914EC1BFE8D36005242FC /* Release */ = {
			isa = XCBuildConfiguration;
			buildSettings = {
				BUNDLE_LOADER = "$(TEST_HOST)";
				INFOPLIST_FILE = "Group OrganizerTests/Info.plist";
				LD_RUNPATH_SEARCH_PATHS = "$(inherited) @executable_path/Frameworks @loader_path/Frameworks";
				PRODUCT_BUNDLE_IDENTIFIER = "edu.self.Group-OrganizerTests";
				PRODUCT_NAME = "$(TARGET_NAME)";
				TEST_HOST = "$(BUILT_PRODUCTS_DIR)/Group Organizer.app/Group Organizer";
			};
			name = Release;
		};
		B07914EE1BFE8D36005242FC /* Debug */ = {
			isa = XCBuildConfiguration;
			buildSettings = {
				INFOPLIST_FILE = "Group OrganizerUITests/Info.plist";
				LD_RUNPATH_SEARCH_PATHS = "$(inherited) @executable_path/Frameworks @loader_path/Frameworks";
				PRODUCT_BUNDLE_IDENTIFIER = "edu.self.Group-OrganizerUITests";
				PRODUCT_NAME = "$(TARGET_NAME)";
				TEST_TARGET_NAME = "Group Organizer";
				USES_XCTRUNNER = YES;
			};
			name = Debug;
		};
		B07914EF1BFE8D36005242FC /* Release */ = {
			isa = XCBuildConfiguration;
			buildSettings = {
				INFOPLIST_FILE = "Group OrganizerUITests/Info.plist";
				LD_RUNPATH_SEARCH_PATHS = "$(inherited) @executable_path/Frameworks @loader_path/Frameworks";
				PRODUCT_BUNDLE_IDENTIFIER = "edu.self.Group-OrganizerUITests";
				PRODUCT_NAME = "$(TARGET_NAME)";
				TEST_TARGET_NAME = "Group Organizer";
				USES_XCTRUNNER = YES;
			};
			name = Release;
		};
/* End XCBuildConfiguration section */

/* Begin XCConfigurationList section */
		B07914B51BFE8D35005242FC /* Build configuration list for PBXProject "Group Organizer" */ = {
			isa = XCConfigurationList;
			buildConfigurations = (
				B07914E51BFE8D36005242FC /* Debug */,
				B07914E61BFE8D36005242FC /* Release */,
			);
			defaultConfigurationIsVisible = 0;
			defaultConfigurationName = Release;
		};
		B07914E71BFE8D36005242FC /* Build configuration list for PBXNativeTarget "Group Organizer" */ = {
			isa = XCConfigurationList;
			buildConfigurations = (
				B07914E81BFE8D36005242FC /* Debug */,
				B07914E91BFE8D36005242FC /* Release */,
			);
			defaultConfigurationIsVisible = 0;
		};
		B07914EA1BFE8D36005242FC /* Build configuration list for PBXNativeTarget "Group OrganizerTests" */ = {
			isa = XCConfigurationList;
			buildConfigurations = (
				B07914EB1BFE8D36005242FC /* Debug */,
				B07914EC1BFE8D36005242FC /* Release */,
			);
			defaultConfigurationIsVisible = 0;
		};
		B07914ED1BFE8D36005242FC /* Build configuration list for PBXNativeTarget "Group OrganizerUITests" */ = {
			isa = XCConfigurationList;
			buildConfigurations = (
				B07914EE1BFE8D36005242FC /* Debug */,
				B07914EF1BFE8D36005242FC /* Release */,
			);
			defaultConfigurationIsVisible = 0;
		};
/* End XCConfigurationList section */
	};
	rootObject = B07914B21BFE8D35005242FC /* Project object */;
}
